
Microsoft Visual Studio Solution File, Format Version 12.00
# Visual Studio Version 16
VisualStudioVersion = 16.0.30717.126
MinimumVisualStudioVersion = 10.0.40219.1
Project("{FAE04EC0-301F-11D3-BF4B-00C04F79EFBC}") = "ASP.NET_MVC", "ASP.NET_MVC\ASP.NET_MVC.csproj", "{732F84A0-D8BB-499E-9A50-4DE2C567965D}"
EndProject
Global
	GlobalSection(SolutionConfigurationPlatforms) = preSolution
		Debug|Any CPU = Debug|Any CPU
		Release|Any CPU = Release|Any CPU
	EndGlobalSection
	GlobalSection(ProjectConfigurationPlatforms) = postSolution
		{732F84A0-D8BB-499E-9A50-4DE2C567965D}.Debug|Any CPU.ActiveCfg = Debug|Any CPU
		{732F84A0-D8BB-499E-9A50-4DE2C567965D}.Debug|Any CPU.Build.0 = Debug|Any CPU
		{732F84A0-D8BB-499E-9A50-4DE2C567965D}.Release|Any CPU.ActiveCfg = Release|Any CPU
		{732F84A0-D8BB-499E-9A50-4DE2C567965D}.Release|Any CPU.Build.0 = Release|Any CPU
	EndGlobalSection
	GlobalSection(SolutionProperties) = preSolution
		HideSolutionNode = FALSE
	EndGlobalSection
	GlobalSection(ExtensibilityGlobals) = postSolution
		SolutionGuid = {C52E3E59-419A-41F0-8B71-CBC1D1DEBDB0}
	EndGlobalSection
EndGlobal
